// !$*UTF8*$!
{
	archiveVersion = 1;
	classes = {
	};
	objectVersion = 50;
	objects = {

/* Begin PBXBuildFile section */
		8A2F09F32478B9D800E761CC /* AppDelegate.swift in Sources */ = {isa = PBXBuildFile; fileRef = 8A2F09F22478B9D800E761CC /* AppDelegate.swift */; };
		8A2F09F52478B9D800E761CC /* SceneDelegate.swift in Sources */ = {isa = PBXBuildFile; fileRef = 8A2F09F42478B9D800E761CC /* SceneDelegate.swift */; };
		8A2F09F72478B9D800E761CC /* ViewController.swift in Sources */ = {isa = PBXBuildFile; fileRef = 8A2F09F62478B9D800E761CC /* ViewController.swift */; };
		8A2F09FA2478B9D800E761CC /* Main.storyboard in Resources */ = {isa = PBXBuildFile; fileRef = 8A2F09F82478B9D800E761CC /* Main.storyboard */; };
		8A2F09FC2478B9DA00E761CC /* Assets.xcassets in Resources */ = {isa = PBXBuildFile; fileRef = 8A2F09FB2478B9DA00E761CC /* Assets.xcassets */; };
		8A2F09FF2478B9DA00E761CC /* LaunchScreen.storyboard in Resources */ = {isa = PBXBuildFile; fileRef = 8A2F09FD2478B9DA00E761CC /* LaunchScreen.storyboard */; };
		8A79759F247B0FA50053F590 /* roundButton.swift in Sources */ = {isa = PBXBuildFile; fileRef = 8A79759E247B0FA50053F590 /* roundButton.swift */; };
/* End PBXBuildFile section */

/* Begin PBXFileReference section */
		8A2F09EF2478B9D800E761CC /* RoundButtonCalc.app */ = {isa = PBXFileReference; explicitFileType = wrapper.application; includeInIndex = 0; path = RoundButtonCalc.app; sourceTree = BUILT_PRODUCTS_DIR; };
		8A2F09F22478B9D800E761CC /* AppDelegate.swift */ = {isa = PBXFileReference; lastKnownFileType = sourcecode.swift; path = AppDelegate.swift; sourceTree = "<group>"; };
		8A2F09F42478B9D800E761CC /* SceneDelegate.swift */ = {isa = PBXFileReference; lastKnownFileType = sourcecode.swift; path = SceneDelegate.swift; sourceTree = "<group>"; };
		8A2F09F62478B9D800E761CC /* ViewController.swift */ = {isa = PBXFileReference; lastKnownFileType = sourcecode.swift; path = ViewController.swift; sourceTree = "<group>"; };
		8A2F09F92478B9D800E761CC /* Base */ = {isa = PBXFileReference; lastKnownFileType = file.storyboard; name = Base; path = Base.lproj/Main.storyboard; sourceTree = "<group>"; };
		8A2F09FB2478B9DA00E761CC /* Assets.xcassets */ = {isa = PBXFileReference; lastKnownFileType = folder.assetcatalog; path = Assets.xcassets; sourceTree = "<group>"; };
		8A2F09FE2478B9DA00E761CC /* Base */ = {isa = PBXFileReference; lastKnownFileType = file.storyboard; name = Base; path = Base.lproj/LaunchScreen.storyboard; sourceTree = "<group>"; };
		8A2F0A002478B9DA00E761CC /* Info.plist */ = {isa = PBXFileReference; lastKnownFileType = text.plist.xml; path = Info.plist; sourceTree = "<group>"; };
		8A79759E247B0FA50053F590 /* roundButton.swift */ = {isa = PBXFileReference; lastKnownFileType = sourcecode.swift; path = roundButton.swift; sourceTree = "<group>"; };
/* End PBXFileReference section */

/* Begin PBXFrameworksBuildPhase section */
		8A2F09EC2478B9D800E761CC /* Frameworks */ = {
			isa = PBXFrameworksBuildPhase;
			buildActionMask = 2147483647;
			files = (
			);
			runOnlyForDeploymentPostprocessing = 0;
		};
/* End PBXFrameworksBuildPhase section */

/* Begin PBXGroup section */
		8A2F09E62478B9D800E761CC = {
			isa = PBXGroup;
			children = (
				8A2F09F12478B9D800E761CC /* RoundButtonCalc */,
				8A2F09F02478B9D800E761CC /* Products */,
			);
			sourceTree = "<group>";
		};
		8A2F09F02478B9D800E761CC /* Products */ = {
			isa = PBXGroup;
			children = (
				8A2F09EF2478B9D800E761CC /* RoundButtonCalc.app */,
			);
			name = Products;
			sourceTree = "<group>";
		};
		8A2F09F12478B9D800E761CC /* RoundButtonCalc */ = {
			isa = PBXGroup;
			children = (
				8A2F09F22478B9D800E761CC /* AppDelegate.swift */,
				8A2F09F42478B9D800E761CC /* SceneDelegate.swift */,
				8A2F09F62478B9D800E761CC /* ViewController.swift */,
				8A2F09F82478B9D800E761CC /* Main.storyboard */,
				8A2F09FB2478B9DA00E761CC /* Assets.xcassets */,
				8A2F09FD2478B9DA00E761CC /* LaunchScreen.storyboard */,
				8A2F0A002478B9DA00E761CC /* Info.plist */,
				8A79759E247B0FA50053F590 /* roundButton.swift */,
			);
			path = RoundButtonCalc;
			sourceTree = "<group>";
		};
/* End PBXGroup section */

/* Begin PBXNativeTarget section */
		8A2F09EE2478B9D800E761CC /* RoundButtonCalc */ = {
			isa = PBXNativeTarget;
			buildConfigurationList = 8A2F0A032478B9DA00E761CC /* Build configuration list for PBXNativeTarget "RoundButtonCalc" */;
			buildPhases = (
				8A2F09EB2478B9D800E761CC /* Sources */,
				8A2F09EC2478B9D800E761CC /* Frameworks */,
				8A2F09ED2478B9D800E761CC /* Resources */,
			);
			buildRules = (
			);
			dependencies = (
			);
			name = RoundButtonCalc;
			productName = RoundButtonCalc;
			productReference = 8A2F09EF2478B9D800E761CC /* RoundButtonCalc.app */;
			productType = "com.apple.product-type.application";
		};
/* End PBXNativeTarget section */

/* Begin PBXProject section */
		8A2F09E72478B9D800E761CC /* Project object */ = {
			isa = PBXProject;
			attributes = {
				LastSwiftUpdateCheck = 1140;
				LastUpgradeCheck = 1140;
				ORGANIZATIONNAME = "Priyansh Bendre";
				TargetAttributes = {
					8A2F09EE2478B9D800E761CC = {
						CreatedOnToolsVersion = 11.4.1;
					};
				};
			};
			buildConfigurationList = 8A2F09EA2478B9D800E761CC /* Build configuration list for PBXProject "RoundButtonCalc" */;
			compatibilityVersion = "Xcode 9.3";
			developmentRegion = en;
			hasScannedForEncodings = 0;
			knownRegions = (
				en,
				Base,
			);
			mainGroup = 8A2F09E62478B9D800E761CC;
			productRefGroup = 8A2F09F02478B9D800E761CC /* Products */;
			projectDirPath = "";
			projectRoot = "";
			targets = (
				8A2F09EE2478B9D800E761CC /* RoundButtonCalc */,
			);
		};
/* End PBXProject section */

/* Begin PBXResourcesBuildPhase section */
		8A2F09ED2478B9D800E761CC /* Resources */ = {
			isa = PBXResourcesBuildPhase;
			buildActionMask = 2147483647;
			files = (
				8A2F09FF2478B9DA00E761CC /* LaunchScreen.storyboard in Resources */,
				8A2F09FC2478B9DA00E761CC /* Assets.xcassets in Resources */,
				8A2F09FA2478B9D800E761CC /* Main.storyboard in Resources */,
			);
			runOnlyForDeploymentPostprocessing = 0;
		};
/* End PBXResourcesBuildPhase section */

/* Begin PBXSourcesBuildPhase section */
		8A2F09EB2478B9D800E761CC /* Sources */ = {
			isa = PBXSourcesBuildPhase;
			buildActionMask = 2147483647;
			files = (
				8A79759F247B0FA50053F590 /* roundButton.swift in Sources */,
				8A2F09F72478B9D800E761CC /* ViewController.swift in Sources */,
				8A2F09F32478B9D800E761CC /* AppDelegate.swift in Sources */,
				8A2F09F52478B9D800E761CC /* SceneDelegate.swift in Sources */,
			);
			runOnlyForDeploymentPostprocessing = 0;
		};
/* End PBXSourcesBuildPhase section */

/* Begin PBXVariantGroup section */
		8A2F09F82478B9D800E761CC /* Main.storyboard */ = {
			isa = PBXVariantGroup;
			children = (
				8A2F09F92478B9D800E761CC /* Base */,
			);
			name = Main.storyboard;
			sourceTree = "<group>";
		};
		8A2F09FD2478B9DA00E761CC /* LaunchScreen.storyboard */ = {
			isa = PBXVariantGroup;
			children = (
				8A2F09FE2478B9DA00E761CC /* Base */,
			);
			name = LaunchScreen.storyboard;
			sourceTree = "<group>";
		};
/* End PBXVariantGroup section */

/* Begin XCBuildConfiguration section */
		8A2F0A012478B9DA00E761CC /* Debug */ = {
			isa = XCBuildConfiguration;
			buildSettings = {
				ALWAYS_SEARCH_USER_PATHS = NO;
				CLANG_ANALYZER_NONNULL = YES;
				CLANG_ANALYZER_NUMBER_OBJECT_CONVERSION = YES_AGGRESSIVE;
				CLANG_CXX_LANGUAGE_STANDARD = "gnu++14";
				CLANG_CXX_LIBRARY = "libc++";
				CLANG_ENABLE_MODULES = YES;
				CLANG_ENABLE_OBJC_ARC = YES;
				CLANG_ENABLE_OBJC_WEAK = YES;
				CLANG_WARN_BLOCK_CAPTURE_AUTORELEASING = YES;
				CLANG_WARN_BOOL_CONVERSION = YES;
				CLANG_WARN_COMMA = YES;
				CLANG_WARN_CONSTANT_CONVERSION = YES;
				CLANG_WARN_DEPRECATED_OBJC_IMPLEMENTATIONS = YES;
				CLANG_WARN_DIRECT_OBJC_ISA_USAGE = YES_ERROR;
				CLANG_WARN_DOCUMENTATION_COMMENTS = YES;
				CLANG_WARN_EMPTY_BODY = YES;
				CLANG_WARN_ENUM_CONVERSION = YES;
				CLANG_WARN_INFINITE_RECURSION = YES;
				CLANG_WARN_INT_CONVERSION = YES;
				CLANG_WARN_NON_LITERAL_NULL_CONVERSION = YES;
				CLANG_WARN_OBJC_IMPLICIT_RETAIN_SELF = YES;
				CLANG_WARN_OBJC_LITERAL_CONVERSION = YES;
				CLANG_WARN_OBJC_ROOT_CLASS = YES_ERROR;
				CLANG_WARN_RANGE_LOOP_ANALYSIS = YES;
				CLANG_WARN_STRICT_PROTOTYPES = YES;
				CLANG_WARN_SUSPICIOUS_MOVE = YES;
				CLANG_WARN_UNGUARDED_AVAILABILITY = YES_AGGRESSIVE;
				CLANG_WARN_UNREACHABLE_CODE = YES;
				CLANG_WARN__DUPLICATE_METHOD_MATCH = YES;
				COPY_PHASE_STRIP = NO;
				DEBUG_INFORMATION_FORMAT = dwarf;
				ENABLE_STRICT_OBJC_MSGSEND = YES;
				ENABLE_TESTABILITY = YES;
				GCC_C_LANGUAGE_STANDARD = gnu11;
				GCC_DYNAMIC_NO_PIC = NO;
				GCC_NO_COMMON_BLOCKS = YES;
				GCC_OPTIMIZATION_LEVEL = 0;
				GCC_PREPROCESSOR_DEFINITIONS = (
					"DEBUG=1",
					"$(inherited)",
				);
				GCC_WARN_64_TO_32_BIT_CONVERSION = YES;
				GCC_WARN_ABOUT_RETURN_TYPE = YES_ERROR;
				GCC_WARN_UNDECLARED_SELECTOR = YES;
				GCC_WARN_UNINITIALIZED_AUTOS = YES_AGGRESSIVE;
				GCC_WARN_UNUSED_FUNCTION = YES;
				GCC_WARN_UNUSED_VARIABLE = YES;
				IPHONEOS_DEPLOYMENT_TARGET = 13.4;
				MTL_ENABLE_DEBUG_INFO = INCLUDE_SOURCE;
				MTL_FAST_MATH = YES;
				ONLY_ACTIVE_ARCH = YES;
				SDKROOT = iphoneos;
				SWIFT_ACTIVE_COMPILATION_CONDITIONS = DEBUG;
				SWIFT_OPTIMIZATION_LEVEL = "-Onone";
			};
			name = Debug;
		};
		8A2F0A022478B9DA00E761CC /* Release */ = {
			isa = XCBuildConfiguration;
			buildSettings = {
				ALWAYS_SEARCH_USER_PATHS = NO;
				CLANG_ANALYZER_NONNULL = YES;
				CLANG_ANALYZER_NUMBER_OBJECT_CONVERSION = YES_AGGRESSIVE;
				CLANG_CXX_LANGUAGE_STANDARD = "gnu++14";
				CLANG_CXX_LIBRARY = "libc++";
				CLANG_ENABLE_MODULES = YES;
				CLANG_ENABLE_OBJC_ARC = YES;
				CLANG_ENABLE_OBJC_WEAK = YES;
				CLANG_WARN_BLOCK_CAPTURE_AUTORELEASING = YES;
				CLANG_WARN_BOOL_CONVERSION = YES;
				CLANG_WARN_COMMA = YES;
				CLANG_WARN_CONSTANT_CONVERSION = YES;
				CLANG_WARN_DEPRECATED_OBJC_IMPLEMENTATIONS = YES;
				CLANG_WARN_DIRECT_OBJC_ISA_USAGE = YES_ERROR;
				CLANG_WARN_DOCUMENTATION_COMMENTS = YES;
				CLANG_WARN_EMPTY_BODY = YES;
				CLANG_WARN_ENUM_CONVERSION = YES;
				CLANG_WARN_INFINITE_RECURSION = YES;
				CLANG_WARN_INT_CONVERSION = YES;
				CLANG_WARN_NON_LITERAL_NULL_CONVERSION = YES;
				CLANG_WARN_OBJC_IMPLICIT_RETAIN_SELF = YES;
				CLANG_WARN_OBJC_LITERAL_CONVERSION = YES;
				CLANG_WARN_OBJC_ROOT_CLASS = YES_ERROR;
				CLANG_WARN_RANGE_LOOP_ANALYSIS = YES;
				CLANG_WARN_STRICT_PROTOTYPES = YES;
				CLANG_WARN_SUSPICIOUS_MOVE = YES;
				CLANG_WARN_UNGUARDED_AVAILABILITY = YES_AGGRESSIVE;
				CLANG_WARN_UNREACHABLE_CODE = YES;
				CLANG_WARN__DUPLICATE_METHOD_MATCH = YES;
				COPY_PHASE_STRIP = NO;
				DEBUG_INFORMATION_FORMAT = "dwarf-with-dsym";
				ENABLE_NS_ASSERTIONS = NO;
				ENABLE_STRICT_OBJC_MSGSEND = YES;
				GCC_C_LANGUAGE_STANDARD = gnu11;
				GCC_NO_COMMON_BLOCKS = YES;
				GCC_WARN_64_TO_32_BIT_CONVERSION = YES;
				GCC_WARN_ABOUT_RETURN_TYPE = YES_ERROR;
				GCC_WARN_UNDECLARED_SELECTOR = YES;
				GCC_WARN_UNINITIALIZED_AUTOS = YES_AGGRESSIVE;
				GCC_WARN_UNUSED_FUNCTION = YES;
				GCC_WARN_UNUSED_VARIABLE = YES;
				IPHONEOS_DEPLOYMENT_TARGET = 13.4;
				MTL_ENABLE_DEBUG_INFO = NO;
				MTL_FAST_MATH = YES;
				SDKROOT = iphoneos;
				SWIFT_COMPILATION_MODE = wholemodule;
				SWIFT_OPTIMIZATION_LEVEL = "-O";
				VALIDATE_PRODUCT = YES;
			};
			name = Release;
		};
		8A2F0A042478B9DA00E761CC /* Debug */ = {
			isa = XCBuildConfiguration;
			buildSettings = {
				ASSETCATALOG_COMPILER_APPICON_NAME = AppIcon;
				CODE_SIGN_STYLE = Automatic;
				INFOPLIST_FILE = RoundButtonCalc/Info.plist;
				LD_RUNPATH_SEARCH_PATHS = (
					"$(inherited)",
					"@executable_path/Frameworks",
				);
				PRODUCT_BUNDLE_IDENTIFIER = scu.RoundButtonCalc;
				PRODUCT_NAME = "$(TARGET_NAME)";
				SWIFT_VERSION = 5.0;
				TARGETED_DEVICE_FAMILY = "1,2";
			};
			name = Debug;
		};
		8A2F0A052478B9DA00E761CC /* Release */ = {
			isa = XCBuildConfiguration;
			buildSettings = {
				ASSETCATALOG_COMPILER_APPICON_NAME = AppIcon;
				CODE_SIGN_STYLE = Automatic;
				INFOPLIST_FILE = RoundButtonCalc/Info.plist;
				LD_RUNPATH_SEARCH_PATHS = (
					"$(inherited)",
					"@executable_path/Frameworks",
				);
				PRODUCT_BUNDLE_IDENTIFIER = scu.RoundButtonCalc;
				PRODUCT_NAME = "$(TARGET_NAME)";
				SWIFT_VERSION = 5.0;
				TARGETED_DEVICE_FAMILY = "1,2";
			};
			name = Release;
		};
/* End XCBuildConfiguration section */

/* Begin XCConfigurationList section */
		8A2F09EA2478B9D800E761CC /* Build configuration list for PBXProject "RoundButtonCalc" */ = {
			isa = XCConfigurationList;
			buildConfigurations = (
				8A2F0A012478B9DA00E761CC /* Debug */,
				8A2F0A022478B9DA00E761CC /* Release */,
			);
			defaultConfigurationIsVisible = 0;
			defaultConfigurationName = Release;
		};
		8A2F0A032478B9DA00E761CC /* Build configuration list for PBXNativeTarget "RoundButtonCalc" */ = {
			isa = XCConfigurationList;
			buildConfigurations = (
				8A2F0A042478B9DA00E761CC /* Debug */,
				8A2F0A052478B9DA00E761CC /* Release */,
			);
			defaultConfigurationIsVisible = 0;
			defaultConfigurationName = Release;
		};
/* End XCConfigurationList section */
	};
	rootObject = 8A2F09E72478B9D800E761CC /* Project object */;
}
